
Microsoft Visual Studio Solution File, Format Version 12.00
# Visual Studio 15
VisualStudioVersion = 15.0.27128.1
MinimumVisualStudioVersion = 10.0.40219.1
Project("{FAE04EC0-301F-11D3-BF4B-00C04F79EFBC}") = "NestMonitoringConsole", "NestMonitoringConsole\NestMonitoringConsole.csproj", "{DDBDB17F-9C36-405C-87CD-F0245D5F1931}"
EndProject
Project("{E53339B2-1760-4266-BCC7-CA923CBCF16C}") = "docker-compose", "docker-compose.dcproj", "{0B717007-37D6-4A99-8026-7F4A4F7C27D1}"
EndProject
Global
	GlobalSection(SolutionConfigurationPlatforms) = preSolution
		Debug|Any CPU = Debug|Any CPU
		Release|Any CPU = Release|Any CPU
	EndGlobalSection
	GlobalSection(ProjectConfigurationPlatforms) = postSolution
		{DDBDB17F-9C36-405C-87CD-F0245D5F1931}.Debug|Any CPU.ActiveCfg = Debug|Any CPU
		{DDBDB17F-9C36-405C-87CD-F0245D5F1931}.Debug|Any CPU.Build.0 = Debug|Any CPU
		{DDBDB17F-9C36-405C-87CD-F0245D5F1931}.Release|Any CPU.ActiveCfg = Release|Any CPU
		{DDBDB17F-9C36-405C-87CD-F0245D5F1931}.Release|Any CPU.Build.0 = Release|Any CPU
		{0B717007-37D6-4A99-8026-7F4A4F7C27D1}.Debug|Any CPU.ActiveCfg = Debug|Any CPU
		{0B717007-37D6-4A99-8026-7F4A4F7C27D1}.Debug|Any CPU.Build.0 = Debug|Any CPU
		{0B717007-37D6-4A99-8026-7F4A4F7C27D1}.Release|Any CPU.ActiveCfg = Release|Any CPU
		{0B717007-37D6-4A99-8026-7F4A4F7C27D1}.Release|Any CPU.Build.0 = Release|Any CPU
	EndGlobalSection
	GlobalSection(SolutionProperties) = preSolution
		HideSolutionNode = FALSE
	EndGlobalSection
	GlobalSection(ExtensibilityGlobals) = postSolution
		SolutionGuid = {D9136814-5765-4E20-9CC7-015C96F4F1B5}
	EndGlobalSection
EndGlobal
